
Microsoft Visual Studio Solution File, Format Version 12.00
# Visual Studio Version 16
VisualStudioVersion = 16.0.30907.101
MinimumVisualStudioVersion = 10.0.40219.1
Project("{FAE04EC0-301F-11D3-BF4B-00C04F79EFBC}") = "InterfaceAbstractDemo", "InterfaceAbstractDemo\InterfaceAbstractDemo.csproj", "{D65C203C-CA21-49EF-BC9A-CFADD34AEEF1}"
EndProject
Global
	GlobalSection(SolutionConfigurationPlatforms) = preSolution
		Debug|Any CPU = Debug|Any CPU
		Release|Any CPU = Release|Any CPU
	EndGlobalSection
	GlobalSection(ProjectConfigurationPlatforms) = postSolution
		{D65C203C-CA21-49EF-BC9A-CFADD34AEEF1}.Debug|Any CPU.ActiveCfg = Debug|Any CPU
		{D65C203C-CA21-49EF-BC9A-CFADD34AEEF1}.Debug|Any CPU.Build.0 = Debug|Any CPU
		{D65C203C-CA21-49EF-BC9A-CFADD34AEEF1}.Release|Any CPU.ActiveCfg = Release|Any CPU
		{D65C203C-CA21-49EF-BC9A-CFADD34AEEF1}.Release|Any CPU.Build.0 = Release|Any CPU
	EndGlobalSection
	GlobalSection(SolutionProperties) = preSolution
		HideSolutionNode = FALSE
	EndGlobalSection
	GlobalSection(ExtensibilityGlobals) = postSolution
		SolutionGuid = {4CEA749E-B4A0-499A-A9EE-E84E769AABE7}
	EndGlobalSection
EndGlobal
